
Microsoft Visual Studio Solution File, Format Version 12.00
# Visual Studio Version 16
VisualStudioVersion = 16.0.29306.81
MinimumVisualStudioVersion = 10.0.40219.1
Project("{9A19103F-16F7-4668-BE54-9A1E7A4F7556}") = "EcwidIntegration.Ecwid", "EcwidIntegration.Ecwid\EcwidIntegration.Ecwid.csproj", "{30CFE707-7681-4103-961C-D2778C59B9CB}"
EndProject
Project("{9A19103F-16F7-4668-BE54-9A1E7A4F7556}") = "EcwidIntegration.UnitTests", "EcwidIntegration.UnitTests\EcwidIntegration.UnitTests.csproj", "{F3E7A9F8-371E-4416-B545-1BA57BAB777A}"
EndProject
Project("{9A19103F-16F7-4668-BE54-9A1E7A4F7556}") = "EcwidIntegration.GoogleSheets", "EcwidIntegration.GoogleSheets\EcwidIntegration.GoogleSheets.csproj", "{11DCE3F9-121D-47DC-9902-340D2B2C9A8F}"
EndProject
Project("{9A19103F-16F7-4668-BE54-9A1E7A4F7556}") = "EcwidIntegration.Worker", "EcwidIntegration.Worker\EcwidIntegration.Worker.csproj", "{9B5F62F4-FDC8-4960-97C3-8FA9C0C0E49A}"
EndProject
Project("{FAE04EC0-301F-11D3-BF4B-00C04F79EFBC}") = "EcwidIntegration.System", "EcwidIntegration.Common\EcwidIntegration.Common.csproj", "{3B14B5F0-B287-4B7A-8ED7-5105220411DA}"
EndProject
Global
	GlobalSection(SolutionConfigurationPlatforms) = preSolution
		Debug|Any CPU = Debug|Any CPU
		Release|Any CPU = Release|Any CPU
	EndGlobalSection
	GlobalSection(ProjectConfigurationPlatforms) = postSolution
		{30CFE707-7681-4103-961C-D2778C59B9CB}.Debug|Any CPU.ActiveCfg = Debug|Any CPU
		{30CFE707-7681-4103-961C-D2778C59B9CB}.Debug|Any CPU.Build.0 = Debug|Any CPU
		{30CFE707-7681-4103-961C-D2778C59B9CB}.Release|Any CPU.ActiveCfg = Release|Any CPU
		{30CFE707-7681-4103-961C-D2778C59B9CB}.Release|Any CPU.Build.0 = Release|Any CPU
		{F3E7A9F8-371E-4416-B545-1BA57BAB777A}.Debug|Any CPU.ActiveCfg = Debug|Any CPU
		{F3E7A9F8-371E-4416-B545-1BA57BAB777A}.Debug|Any CPU.Build.0 = Debug|Any CPU
		{F3E7A9F8-371E-4416-B545-1BA57BAB777A}.Release|Any CPU.ActiveCfg = Release|Any CPU
		{F3E7A9F8-371E-4416-B545-1BA57BAB777A}.Release|Any CPU.Build.0 = Release|Any CPU
		{11DCE3F9-121D-47DC-9902-340D2B2C9A8F}.Debug|Any CPU.ActiveCfg = Debug|Any CPU
		{11DCE3F9-121D-47DC-9902-340D2B2C9A8F}.Debug|Any CPU.Build.0 = Debug|Any CPU
		{11DCE3F9-121D-47DC-9902-340D2B2C9A8F}.Release|Any CPU.ActiveCfg = Release|Any CPU
		{11DCE3F9-121D-47DC-9902-340D2B2C9A8F}.Release|Any CPU.Build.0 = Release|Any CPU
		{9B5F62F4-FDC8-4960-97C3-8FA9C0C0E49A}.Debug|Any CPU.ActiveCfg = Debug|Any CPU
		{9B5F62F4-FDC8-4960-97C3-8FA9C0C0E49A}.Debug|Any CPU.Build.0 = Debug|Any CPU
		{9B5F62F4-FDC8-4960-97C3-8FA9C0C0E49A}.Release|Any CPU.ActiveCfg = Release|Any CPU
		{9B5F62F4-FDC8-4960-97C3-8FA9C0C0E49A}.Release|Any CPU.Build.0 = Release|Any CPU
		{3B14B5F0-B287-4B7A-8ED7-5105220411DA}.Debug|Any CPU.ActiveCfg = Debug|Any CPU
		{3B14B5F0-B287-4B7A-8ED7-5105220411DA}.Debug|Any CPU.Build.0 = Debug|Any CPU
		{3B14B5F0-B287-4B7A-8ED7-5105220411DA}.Release|Any CPU.ActiveCfg = Release|Any CPU
		{3B14B5F0-B287-4B7A-8ED7-5105220411DA}.Release|Any CPU.Build.0 = Release|Any CPU
	EndGlobalSection
	GlobalSection(SolutionProperties) = preSolution
		HideSolutionNode = FALSE
	EndGlobalSection
	GlobalSection(ExtensibilityGlobals) = postSolution
		SolutionGuid = {F8335EB1-FA03-4891-B694-814C2869873A}
	EndGlobalSection
EndGlobal
